<Solution>
  <Project Path="../MoneyManager.Application/MoneyManager.Application.csproj" />
  <Project Path="../MoneyManager.Domain/MoneyManager.Domain.csproj" />
  <Project Path="../MoneyManager.Infrastructure/MoneyManager.Infrastructure.csproj" />
  <Project Path="MoneyManager.Api.csproj" />
</Solution>
